// !$*UTF8*$!
{
	archiveVersion = 1;
	classes = {
	};
	objectVersion = 46;
	objects = {

/* Begin PBXBuildFile section */
		1DE318AD43CD1773F14F3B02 /* Pods_ChatClient.framework in Frameworks */ = {isa = PBXBuildFile; fileRef = DE297E7DF3A69940AD18C98C /* Pods_ChatClient.framework */; };
		917046591C6D89A60065D97A /* AppDelegate.swift in Sources */ = {isa = PBXBuildFile; fileRef = 917046581C6D89A60065D97A /* AppDelegate.swift */; };
		9170465E1C6D89A60065D97A /* Main.storyboard in Resources */ = {isa = PBXBuildFile; fileRef = 9170465C1C6D89A60065D97A /* Main.storyboard */; };
		917046601C6D89A60065D97A /* Assets.xcassets in Resources */ = {isa = PBXBuildFile; fileRef = 9170465F1C6D89A60065D97A /* Assets.xcassets */; };
		917046631C6D89A60065D97A /* LaunchScreen.storyboard in Resources */ = {isa = PBXBuildFile; fileRef = 917046611C6D89A60065D97A /* LaunchScreen.storyboard */; };
		9170466C1C6D8B280065D97A /* LoginViewController.swift in Sources */ = {isa = PBXBuildFile; fileRef = 9170466B1C6D8B280065D97A /* LoginViewController.swift */; };
		9170466E1C6D8D500065D97A /* ChatViewController.swift in Sources */ = {isa = PBXBuildFile; fileRef = 9170466D1C6D8D500065D97A /* ChatViewController.swift */; };
/* End PBXBuildFile section */

/* Begin PBXFileReference section */
		5BFE4EA755392FA0DCCC7B6C /* Pods-ChatClient.release.xcconfig */ = {isa = PBXFileReference; includeInIndex = 1; lastKnownFileType = text.xcconfig; name = "Pods-ChatClient.release.xcconfig"; path = "Pods/Target Support Files/Pods-ChatClient/Pods-ChatClient.release.xcconfig"; sourceTree = "<group>"; };
		917046551C6D89A60065D97A /* ChatClient.app */ = {isa = PBXFileReference; explicitFileType = wrapper.application; includeInIndex = 0; path = ChatClient.app; sourceTree = BUILT_PRODUCTS_DIR; };
		917046581C6D89A60065D97A /* AppDelegate.swift */ = {isa = PBXFileReference; lastKnownFileType = sourcecode.swift; path = AppDelegate.swift; sourceTree = "<group>"; };
		9170465D1C6D89A60065D97A /* Base */ = {isa = PBXFileReference; lastKnownFileType = file.storyboard; name = Base; path = Base.lproj/Main.storyboard; sourceTree = "<group>"; };
		9170465F1C6D89A60065D97A /* Assets.xcassets */ = {isa = PBXFileReference; lastKnownFileType = folder.assetcatalog; path = Assets.xcassets; sourceTree = "<group>"; };
		917046621C6D89A60065D97A /* Base */ = {isa = PBXFileReference; lastKnownFileType = file.storyboard; name = Base; path = Base.lproj/LaunchScreen.storyboard; sourceTree = "<group>"; };
		917046641C6D89A60065D97A /* Info.plist */ = {isa = PBXFileReference; lastKnownFileType = text.plist.xml; path = Info.plist; sourceTree = "<group>"; };
		9170466B1C6D8B280065D97A /* LoginViewController.swift */ = {isa = PBXFileReference; fileEncoding = 4; lastKnownFileType = sourcecode.swift; path = LoginViewController.swift; sourceTree = "<group>"; };
		9170466D1C6D8D500065D97A /* ChatViewController.swift */ = {isa = PBXFileReference; fileEncoding = 4; lastKnownFileType = sourcecode.swift; path = ChatViewController.swift; sourceTree = "<group>"; };
		968B5C05975CD41141C1D684 /* Pods-ChatClient.debug.xcconfig */ = {isa = PBXFileReference; includeInIndex = 1; lastKnownFileType = text.xcconfig; name = "Pods-ChatClient.debug.xcconfig"; path = "Pods/Target Support Files/Pods-ChatClient/Pods-ChatClient.debug.xcconfig"; sourceTree = "<group>"; };
		DE297E7DF3A69940AD18C98C /* Pods_ChatClient.framework */ = {isa = PBXFileReference; explicitFileType = wrapper.framework; includeInIndex = 0; path = Pods_ChatClient.framework; sourceTree = BUILT_PRODUCTS_DIR; };
/* End PBXFileReference section */

/* Begin PBXFrameworksBuildPhase section */
		917046521C6D89A60065D97A /* Frameworks */ = {
			isa = PBXFrameworksBuildPhase;
			buildActionMask = 2147483647;
			files = (
				1DE318AD43CD1773F14F3B02 /* Pods_ChatClient.framework in Frameworks */,
			);
			runOnlyForDeploymentPostprocessing = 0;
		};
/* End PBXFrameworksBuildPhase section */

/* Begin PBXGroup section */
		5C51A7999F50CB03EA090324 /* Pods */ = {
			isa = PBXGroup;
			children = (
				968B5C05975CD41141C1D684 /* Pods-ChatClient.debug.xcconfig */,
				5BFE4EA755392FA0DCCC7B6C /* Pods-ChatClient.release.xcconfig */,
			);
			name = Pods;
			sourceTree = "<group>";
		};
		9170464C1C6D89A60065D97A = {
			isa = PBXGroup;
			children = (
				917046571C6D89A60065D97A /* ChatClient */,
				917046561C6D89A60065D97A /* Products */,
				5C51A7999F50CB03EA090324 /* Pods */,
				CF82D1D78F3CDE795BA78202 /* Frameworks */,
			);
			sourceTree = "<group>";
		};
		917046561C6D89A60065D97A /* Products */ = {
			isa = PBXGroup;
			children = (
				917046551C6D89A60065D97A /* ChatClient.app */,
			);
			name = Products;
			sourceTree = "<group>";
		};
		917046571C6D89A60065D97A /* ChatClient */ = {
			isa = PBXGroup;
			children = (
				917046581C6D89A60065D97A /* AppDelegate.swift */,
				9170466A1C6D8B170065D97A /* Views */,
				9170465C1C6D89A60065D97A /* Main.storyboard */,
				9170465F1C6D89A60065D97A /* Assets.xcassets */,
				917046611C6D89A60065D97A /* LaunchScreen.storyboard */,
				917046641C6D89A60065D97A /* Info.plist */,
			);
			path = ChatClient;
			sourceTree = "<group>";
		};
		9170466A1C6D8B170065D97A /* Views */ = {
			isa = PBXGroup;
			children = (
				9170466B1C6D8B280065D97A /* LoginViewController.swift */,
				9170466D1C6D8D500065D97A /* ChatViewController.swift */,
			);
			name = Views;
			sourceTree = "<group>";
		};
		CF82D1D78F3CDE795BA78202 /* Frameworks */ = {
			isa = PBXGroup;
			children = (
				DE297E7DF3A69940AD18C98C /* Pods_ChatClient.framework */,
			);
			name = Frameworks;
			sourceTree = "<group>";
		};
/* End PBXGroup section */

/* Begin PBXNativeTarget section */
		917046541C6D89A60065D97A /* ChatClient */ = {
			isa = PBXNativeTarget;
			buildConfigurationList = 917046671C6D89A60065D97A /* Build configuration list for PBXNativeTarget "ChatClient" */;
			buildPhases = (
				8BA42D7D392BB92DD7AAF74F /* Check Pods Manifest.lock */,
				917046511C6D89A60065D97A /* Sources */,
				917046521C6D89A60065D97A /* Frameworks */,
				917046531C6D89A60065D97A /* Resources */,
				3A98E895907B96536239DC3B /* Embed Pods Frameworks */,
				D6B104B2980BEC1D651D3ACE /* Copy Pods Resources */,
			);
			buildRules = (
			);
			dependencies = (
			);
			name = ChatClient;
			productName = ChatClient;
			productReference = 917046551C6D89A60065D97A /* ChatClient.app */;
			productType = "com.apple.product-type.application";
		};
/* End PBXNativeTarget section */

/* Begin PBXProject section */
		9170464D1C6D89A60065D97A /* Project object */ = {
			isa = PBXProject;
			attributes = {
				LastSwiftUpdateCheck = 0720;
				LastUpgradeCheck = 0720;
				ORGANIZATIONNAME = Dougli;
				TargetAttributes = {
					917046541C6D89A60065D97A = {
						CreatedOnToolsVersion = 7.2;
						DevelopmentTeam = FD8ZCG5BFR;
					};
				};
			};
			buildConfigurationList = 917046501C6D89A60065D97A /* Build configuration list for PBXProject "ChatClient" */;
			compatibilityVersion = "Xcode 3.2";
			developmentRegion = English;
			hasScannedForEncodings = 0;
			knownRegions = (
				en,
				Base,
			);
			mainGroup = 9170464C1C6D89A60065D97A;
			productRefGroup = 917046561C6D89A60065D97A /* Products */;
			projectDirPath = "";
			projectRoot = "";
			targets = (
				917046541C6D89A60065D97A /* ChatClient */,
			);
		};
/* End PBXProject section */

/* Begin PBXResourcesBuildPhase section */
		917046531C6D89A60065D97A /* Resources */ = {
			isa = PBXResourcesBuildPhase;
			buildActionMask = 2147483647;
			files = (
				917046631C6D89A60065D97A /* LaunchScreen.storyboard in Resources */,
				917046601C6D89A60065D97A /* Assets.xcassets in Resources */,
				9170465E1C6D89A60065D97A /* Main.storyboard in Resources */,
			);
			runOnlyForDeploymentPostprocessing = 0;
		};
/* End PBXResourcesBuildPhase section */

/* Begin PBXShellScriptBuildPhase section */
		3A98E895907B96536239DC3B /* Embed Pods Frameworks */ = {
			isa = PBXShellScriptBuildPhase;
			buildActionMask = 2147483647;
			files = (
			);
			inputPaths = (
			);
			name = "Embed Pods Frameworks";
			outputPaths = (
			);
			runOnlyForDeploymentPostprocessing = 0;
			shellPath = /bin/sh;
			shellScript = "\"${SRCROOT}/Pods/Target Support Files/Pods-ChatClient/Pods-ChatClient-frameworks.sh\"\n";
			showEnvVarsInLog = 0;
		};
		8BA42D7D392BB92DD7AAF74F /* Check Pods Manifest.lock */ = {
			isa = PBXShellScriptBuildPhase;
			buildActionMask = 2147483647;
			files = (
			);
			inputPaths = (
			);
			name = "Check Pods Manifest.lock";
			outputPaths = (
			);
			runOnlyForDeploymentPostprocessing = 0;
			shellPath = /bin/sh;
			shellScript = "diff \"${PODS_ROOT}/../Podfile.lock\" \"${PODS_ROOT}/Manifest.lock\" > /dev/null\nif [[ $? != 0 ]] ; then\n    cat << EOM\nerror: The sandbox is not in sync with the Podfile.lock. Run 'pod install' or update your CocoaPods installation.\nEOM\n    exit 1\nfi\n";
			showEnvVarsInLog = 0;
		};
		D6B104B2980BEC1D651D3ACE /* Copy Pods Resources */ = {
			isa = PBXShellScriptBuildPhase;
			buildActionMask = 2147483647;
			files = (
			);
			inputPaths = (
			);
			name = "Copy Pods Resources";
			outputPaths = (
			);
			runOnlyForDeploymentPostprocessing = 0;
			shellPath = /bin/sh;
			shellScript = "\"${SRCROOT}/Pods/Target Support Files/Pods-ChatClient/Pods-ChatClient-resources.sh\"\n";
			showEnvVarsInLog = 0;
		};
/* End PBXShellScriptBuildPhase section */

/* Begin PBXSourcesBuildPhase section */
		917046511C6D89A60065D97A /* Sources */ = {
			isa = PBXSourcesBuildPhase;
			buildActionMask = 2147483647;
			files = (
				9170466C1C6D8B280065D97A /* LoginViewController.swift in Sources */,
				9170466E1C6D8D500065D97A /* ChatViewController.swift in Sources */,
				917046591C6D89A60065D97A /* AppDelegate.swift in Sources */,
			);
			runOnlyForDeploymentPostprocessing = 0;
		};
/* End PBXSourcesBuildPhase section */

/* Begin PBXVariantGroup section */
		9170465C1C6D89A60065D97A /* Main.storyboard */ = {
			isa = PBXVariantGroup;
			children = (
				9170465D1C6D89A60065D97A /* Base */,
			);
			name = Main.storyboard;
			sourceTree = "<group>";
		};
		917046611C6D89A60065D97A /* LaunchScreen.storyboard */ = {
			isa = PBXVariantGroup;
			children = (
				917046621C6D89A60065D97A /* Base */,
			);
			name = LaunchScreen.storyboard;
			sourceTree = "<group>";
		};
/* End PBXVariantGroup section */

/* Begin XCBuildConfiguration section */
		917046651C6D89A60065D97A /* Debug */ = {
			isa = XCBuildConfiguration;
			buildSettings = {
				ALWAYS_SEARCH_USER_PATHS = NO;
				CLANG_CXX_LANGUAGE_STANDARD = "gnu++0x";
				CLANG_CXX_LIBRARY = "libc++";
				CLANG_ENABLE_MODULES = YES;
				CLANG_ENABLE_OBJC_ARC = YES;
				CLANG_WARN_BOOL_CONVERSION = YES;
				CLANG_WARN_CONSTANT_CONVERSION = YES;
				CLANG_WARN_DIRECT_OBJC_ISA_USAGE = YES_ERROR;
				CLANG_WARN_EMPTY_BODY = YES;
				CLANG_WARN_ENUM_CONVERSION = YES;
				CLANG_WARN_INT_CONVERSION = YES;
				CLANG_WARN_OBJC_ROOT_CLASS = YES_ERROR;
				CLANG_WARN_UNREACHABLE_CODE = YES;
				CLANG_WARN__DUPLICATE_METHOD_MATCH = YES;
				"CODE_SIGN_IDENTITY[sdk=iphoneos*]" = "iPhone Developer";
				COPY_PHASE_STRIP = NO;
				DEBUG_INFORMATION_FORMAT = dwarf;
				ENABLE_STRICT_OBJC_MSGSEND = YES;
				ENABLE_TESTABILITY = YES;
				GCC_C_LANGUAGE_STANDARD = gnu99;
				GCC_DYNAMIC_NO_PIC = NO;
				GCC_NO_COMMON_BLOCKS = YES;
				GCC_OPTIMIZATION_LEVEL = 0;
				GCC_PREPROCESSOR_DEFINITIONS = (
					"DEBUG=1",
					"$(inherited)",
				);
				GCC_WARN_64_TO_32_BIT_CONVERSION = YES;
				GCC_WARN_ABOUT_RETURN_TYPE = YES_ERROR;
				GCC_WARN_UNDECLARED_SELECTOR = YES;
				GCC_WARN_UNINITIALIZED_AUTOS = YES_AGGRESSIVE;
				GCC_WARN_UNUSED_FUNCTION = YES;
				GCC_WARN_UNUSED_VARIABLE = YES;
				IPHONEOS_DEPLOYMENT_TARGET = 9.2;
				MTL_ENABLE_DEBUG_INFO = YES;
				ONLY_ACTIVE_ARCH = YES;
				SDKROOT = iphoneos;
				SWIFT_OPTIMIZATION_LEVEL = "-Onone";
				TARGETED_DEVICE_FAMILY = "1,2";
			};
			name = Debug;
		};
		917046661C6D89A60065D97A /* Release */ = {
			isa = XCBuildConfiguration;
			buildSettings = {
				ALWAYS_SEARCH_USER_PATHS = NO;
				CLANG_CXX_LANGUAGE_STANDARD = "gnu++0x";
				CLANG_CXX_LIBRARY = "libc++";
				CLANG_ENABLE_MODULES = YES;
				CLANG_ENABLE_OBJC_ARC = YES;
				CLANG_WARN_BOOL_CONVERSION = YES;
				CLANG_WARN_CONSTANT_CONVERSION = YES;
				CLANG_WARN_DIRECT_OBJC_ISA_USAGE = YES_ERROR;
				CLANG_WARN_EMPTY_BODY = YES;
				CLANG_WARN_ENUM_CONVERSION = YES;
				CLANG_WARN_INT_CONVERSION = YES;
				CLANG_WARN_OBJC_ROOT_CLASS = YES_ERROR;
				CLANG_WARN_UNREACHABLE_CODE = YES;
				CLANG_WARN__DUPLICATE_METHOD_MATCH = YES;
				"CODE_SIGN_IDENTITY[sdk=iphoneos*]" = "iPhone Developer";
				COPY_PHASE_STRIP = NO;
				DEBUG_INFORMATION_FORMAT = "dwarf-with-dsym";
				ENABLE_NS_ASSERTIONS = NO;
				ENABLE_STRICT_OBJC_MSGSEND = YES;
				GCC_C_LANGUAGE_STANDARD = gnu99;
				GCC_NO_COMMON_BLOCKS = YES;
				GCC_WARN_64_TO_32_BIT_CONVERSION = YES;
				GCC_WARN_ABOUT_RETURN_TYPE = YES_ERROR;
				GCC_WARN_UNDECLARED_SELECTOR = YES;
				GCC_WARN_UNINITIALIZED_AUTOS = YES_AGGRESSIVE;
				GCC_WARN_UNUSED_FUNCTION = YES;
				GCC_WARN_UNUSED_VARIABLE = YES;
				IPHONEOS_DEPLOYMENT_TARGET = 9.2;
				MTL_ENABLE_DEBUG_INFO = NO;
				SDKROOT = iphoneos;
				TARGETED_DEVICE_FAMILY = "1,2";
				VALIDATE_PRODUCT = YES;
			};
			name = Release;
		};
		917046681C6D89A60065D97A /* Debug */ = {
			isa = XCBuildConfiguration;
			baseConfigurationReference = 968B5C05975CD41141C1D684 /* Pods-ChatClient.debug.xcconfig */;
			buildSettings = {
				ASSETCATALOG_COMPILER_APPICON_NAME = AppIcon;
				INFOPLIST_FILE = ChatClient/Info.plist;
				LD_RUNPATH_SEARCH_PATHS = "$(inherited) @executable_path/Frameworks";
				PRODUCT_BUNDLE_IDENTIFIER = Zhi.ChatClient;
				PRODUCT_NAME = "$(TARGET_NAME)";
			};
			name = Debug;
		};
		917046691C6D89A60065D97A /* Release */ = {
			isa = XCBuildConfiguration;
			baseConfigurationReference = 5BFE4EA755392FA0DCCC7B6C /* Pods-ChatClient.release.xcconfig */;
			buildSettings = {
				ASSETCATALOG_COMPILER_APPICON_NAME = AppIcon;
				INFOPLIST_FILE = ChatClient/Info.plist;
				LD_RUNPATH_SEARCH_PATHS = "$(inherited) @executable_path/Frameworks";
				PRODUCT_BUNDLE_IDENTIFIER = Zhi.ChatClient;
				PRODUCT_NAME = "$(TARGET_NAME)";
			};
			name = Release;
		};
/* End XCBuildConfiguration section */

/* Begin XCConfigurationList section */
		917046501C6D89A60065D97A /* Build configuration list for PBXProject "ChatClient" */ = {
			isa = XCConfigurationList;
			buildConfigurations = (
				917046651C6D89A60065D97A /* Debug */,
				917046661C6D89A60065D97A /* Release */,
			);
			defaultConfigurationIsVisible = 0;
			defaultConfigurationName = Release;
		};
		917046671C6D89A60065D97A /* Build configuration list for PBXNativeTarget "ChatClient" */ = {
			isa = XCConfigurationList;
			buildConfigurations = (
				917046681C6D89A60065D97A /* Debug */,
				917046691C6D89A60065D97A /* Release */,
			);
			defaultConfigurationIsVisible = 0;
			defaultConfigurationName = Release;
		};
/* End XCConfigurationList section */
	};
	rootObject = 9170464D1C6D89A60065D97A /* Project object */;
}
